
Microsoft Visual Studio Solution File, Format Version 12.00
Project("{FAE04EC0-301F-11D3-BF4B-00C04F79EFBC}") = "Server", "FTP\Server\Server.csproj", "{41157874-8F80-4EF8-88FA-C9ACF1EF17DF}"
EndProject
Project("{FAE04EC0-301F-11D3-BF4B-00C04F79EFBC}") = "Client", "FTP\Client\Client.csproj", "{4B650973-13DD-4901-B7BC-C097309CAE4B}"
EndProject
Global
	GlobalSection(SolutionConfigurationPlatforms) = preSolution
		Debug|Any CPU = Debug|Any CPU
		Release|Any CPU = Release|Any CPU
	EndGlobalSection
	GlobalSection(ProjectConfigurationPlatforms) = postSolution
		{41157874-8F80-4EF8-88FA-C9ACF1EF17DF}.Debug|Any CPU.ActiveCfg = Debug|Any CPU
		{41157874-8F80-4EF8-88FA-C9ACF1EF17DF}.Debug|Any CPU.Build.0 = Debug|Any CPU
		{41157874-8F80-4EF8-88FA-C9ACF1EF17DF}.Release|Any CPU.ActiveCfg = Release|Any CPU
		{41157874-8F80-4EF8-88FA-C9ACF1EF17DF}.Release|Any CPU.Build.0 = Release|Any CPU
		{4B650973-13DD-4901-B7BC-C097309CAE4B}.Debug|Any CPU.ActiveCfg = Debug|Any CPU
		{4B650973-13DD-4901-B7BC-C097309CAE4B}.Debug|Any CPU.Build.0 = Debug|Any CPU
		{4B650973-13DD-4901-B7BC-C097309CAE4B}.Release|Any CPU.ActiveCfg = Release|Any CPU
		{4B650973-13DD-4901-B7BC-C097309CAE4B}.Release|Any CPU.Build.0 = Release|Any CPU
	EndGlobalSection
EndGlobal
